
Microsoft Visual Studio Solution File, Format Version 12.00
# Visual Studio Version 16
VisualStudioVersion = 16.0.30517.126
MinimumVisualStudioVersion = 10.0.40219.1
Project("{888888A0-9F3D-457C-B088-3A5042F75D52}") = "home_work_2", "home_work_2\home_work_2.pyproj", "{500ADC2A-3029-42A4-BA3D-8BD6A94134A1}"
EndProject
Global
	GlobalSection(SolutionConfigurationPlatforms) = preSolution
		Debug|Any CPU = Debug|Any CPU
		Release|Any CPU = Release|Any CPU
	EndGlobalSection
	GlobalSection(ProjectConfigurationPlatforms) = postSolution
		{500ADC2A-3029-42A4-BA3D-8BD6A94134A1}.Debug|Any CPU.ActiveCfg = Debug|Any CPU
		{500ADC2A-3029-42A4-BA3D-8BD6A94134A1}.Release|Any CPU.ActiveCfg = Release|Any CPU
	EndGlobalSection
	GlobalSection(SolutionProperties) = preSolution
		HideSolutionNode = FALSE
	EndGlobalSection
	GlobalSection(ExtensibilityGlobals) = postSolution
		SolutionGuid = {1304B45F-921E-447C-9DE6-5D108FA9C74A}
	EndGlobalSection
EndGlobal
